<?xml version="1.0" encoding="utf-8"?>
<Project ToolsVersion="4.0" xmlns="http://schemas.microsoft.com/developer/msbuild/2003">
  <ItemGroup>
    <Filter Include="Source Files">
      <UniqueIdentifier>{4FC737F1-C7A5-4376-A066-2A32D752A2FF}</UniqueIdentifier>
      <Extensions>cpp;c;cc;cxx;def;odl;idl;hpj;bat;asm;asmx</Extensions>
    </Filter>
    <Filter Include="Header Files">
      <UniqueIdentifier>{93995380-89BD-4b04-88EB-625FBE52EBFB}</UniqueIdentifier>
      <Extensions>h;hh;hpp;hxx;hm;inl;inc;ipp;xsd</Extensions>
    </Filter>
    <Filter Include="Resource Files">
      <UniqueIdentifier>{67DA6AB6-F800-4c08-8B7A-83BB121AAD01}</UniqueIdentifier>
      <Extensions>rc;ico;cur;bmp;dlg;rc2;rct;bin;rgs;gif;jpg;jpeg;jpe;resx;tiff;tif;png;wav;mfcribbon-ms</Extensions>
    </Filter>
    <Filter Include="Common">
      <UniqueIdentifier>{c98d0650-5963-4e84-9ab9-2c731fc4d59e}</UniqueIdentifier>
    </Filter>
    <Filter Include="Source Files\Gamestates">
      <UniqueIdentifier>{ba41e56b-8887-41a2-b72a-d4512c6b5307}</UniqueIdentifier>
    </Filter>
    <Filter Include="Source Files\GameObjects">
      <UniqueIdentifier>{786a7e01-2053-4ac0-8b85-1b71963eb12c}</UniqueIdentifier>
    </Filter>
    <Filter Include="Header Files\GameObjects">
      <UniqueIdentifier>{efc98eaf-0ee8-4885-843d-07c667b0e09e}</UniqueIdentifier>
    </Filter>
    <Filter Include="Header Files\Gamestates">
      <UniqueIdentifier>{f0cba7a7-ed24-4146-98cd-0522557c9670}</UniqueIdentifier>
    </Filter>
  </ItemGroup>
  <ItemGroup>
    <ClCompile Include="main.cpp">
      <Filter>Source Files</Filter>
    </ClCompile>
    <ClCompile Include="Common\Timer.cpp">
      <Filter>Common</Filter>
    </ClCompile>
    <ClCompile Include="Gamestates\game_state.cpp">
      <Filter>Source Files\Gamestates</Filter>
    </ClCompile>
    <ClCompile Include="Gamestates\menu_state.cpp">
      <Filter>Source Files\Gamestates</Filter>
    </ClCompile>
    <ClCompile Include="Application.cpp">
      <Filter>Source Files</Filter>
    </ClCompile>
    <ClCompile Include="Gamestates\play_state.cpp">
      <Filter>Source Files\Gamestates</Filter>
    </ClCompile>
    <ClCompile Include="GameObjects\BaseGameObject.cpp">
      <Filter>Source Files\GameObjects</Filter>
    </ClCompile>
    <ClCompile Include="GameObjects\PlayerObject.cpp">
      <Filter>Source Files\GameObjects</Filter>
    </ClCompile>
    <ClCompile Include="GameObjects\BallObject.cpp">
      <Filter>Source Files\GameObjects</Filter>
    </ClCompile>
    <ClCompile Include="GameObjects\Blocks.cpp">
      <Filter>Source Files\GameObjects</Filter>
    </ClCompile>
    <ClCompile Include="LevelLoader.cpp">
      <Filter>Source Files</Filter>
    </ClCompile>
  </ItemGroup>
  <ItemGroup>
    <ClInclude Include="Common\Timer.h">
      <Filter>Common</Filter>
    </ClInclude>
    <ClInclude Include="Gamestates\game_state.h">
      <Filter>Header Files\Gamestates</Filter>
    </ClInclude>
    <ClInclude Include="Gamestates\menu_state.h">
      <Filter>Header Files\Gamestates</Filter>
    </ClInclude>
    <ClInclude Include="Application.h">
      <Filter>Header Files</Filter>
    </ClInclude>
    <ClInclude Include="Gamestates\play_state.h">
      <Filter>Header Files\Gamestates</Filter>
    </ClInclude>
    <ClInclude Include="GameObjects\BaseGameObject.h">
      <Filter>Header Files\GameObjects</Filter>
    </ClInclude>
    <ClInclude Include="GameObjects\PlayerObject.h">
      <Filter>Header Files\GameObjects</Filter>
    </ClInclude>
    <ClInclude Include="GameObjects\BallObject.h">
      <Filter>Header Files\GameObjects</Filter>
    </ClInclude>
    <ClInclude Include="GameObjects\Blocks.h">
      <Filter>Header Files\GameObjects</Filter>
    </ClInclude>
    <ClInclude Include="LevelLoader.h">
      <Filter>Header Files</Filter>
    </ClInclude>
  </ItemGroup>
</Project>